<?xml version="1.0" encoding="utf-8"?>
<Project ToolsVersion="4.0" xmlns="http://schemas.microsoft.com/developer/msbuild/2003">
  <ItemGroup>
    <Filter Include="Source Files">
      <UniqueIdentifier>{4FC737F1-C7A5-4376-A066-2A32D752A2FF}</UniqueIdentifier>
      <Extensions>cpp;c;cc;cxx;def;odl;idl;hpj;bat;asm;asmx</Extensions>
    </Filter>
    <Filter Include="Header Files">
      <UniqueIdentifier>{93995380-89BD-4b04-88EB-625FBE52EBFB}</UniqueIdentifier>
      <Extensions>h;hh;hpp;hxx;hm;inl;inc;xsd</Extensions>
    </Filter>
    <Filter Include="Resource Files">
      <UniqueIdentifier>{67DA6AB6-F800-4c08-8B7A-83BB121AAD01}</UniqueIdentifier>
      <Extensions>rc;ico;cur;bmp;dlg;rc2;rct;bin;rgs;gif;jpg;jpeg;jpe;resx;tiff;tif;png;wav;mfcribbon-ms</Extensions>
    </Filter>
    <Filter Include="Source Files\Chapter3">
      <UniqueIdentifier>{94969602-4511-4ce6-b419-45dbe0e5a6e9}</UniqueIdentifier>
    </Filter>
    <Filter Include="Source Files\Chapter4">
      <UniqueIdentifier>{d2b18075-b465-4459-ad46-c3b397d9be94}</UniqueIdentifier>
    </Filter>
    <Filter Include="Source Files\Chapter3\Exercises">
      <UniqueIdentifier>{6356583b-a849-4197-b571-35e3951a4972}</UniqueIdentifier>
    </Filter>
    <Filter Include="Source Files\Chapter5">
      <UniqueIdentifier>{70907eb9-b670-4a59-befa-b4f405f10d3f}</UniqueIdentifier>
    </Filter>
  </ItemGroup>
  <ItemGroup>
    <ClCompile Include="main.cpp">
      <Filter>Source Files</Filter>
    </ClCompile>
    <ClCompile Include="Chapter4\ThickLine.cpp">
      <Filter>Source Files\Chapter4</Filter>
    </ClCompile>
    <ClCompile Include="Chapter3\BresenhamLine.cpp">
      <Filter>Source Files\Chapter3</Filter>
    </ClCompile>
    <ClCompile Include="Chapter3\CircleMidPoint.cpp">
      <Filter>Source Files\Chapter3</Filter>
    </ClCompile>
    <ClCompile Include="Chapter3\Ellipse.cpp">
      <Filter>Source Files\Chapter3</Filter>
    </ClCompile>
    <ClCompile Include="Chapter3\GL_LINE_LOOP.cpp">
      <Filter>Source Files\Chapter3</Filter>
    </ClCompile>
    <ClCompile Include="Chapter3\GL_LINE_STRIP.cpp">
      <Filter>Source Files\Chapter3</Filter>
    </ClCompile>
    <ClCompile Include="Chapter3\GL_LINES.cpp">
      <Filter>Source Files\Chapter3</Filter>
    </ClCompile>
    <ClCompile Include="Chapter3\Line_Bresenham.cpp">
      <Filter>Source Files\Chapter3</Filter>
    </ClCompile>
    <ClCompile Include="Chapter3\Line_DDA.cpp">
      <Filter>Source Files\Chapter3</Filter>
    </ClCompile>
    <ClCompile Include="Chapter3\Parabola.cpp">
      <Filter>Source Files\Chapter3</Filter>
    </ClCompile>
    <ClCompile Include="Chapter3\PolygnLine.cpp">
      <Filter>Source Files\Chapter3</Filter>
    </ClCompile>
    <ClCompile Include="Chapter3\Exercises\Ex3.1.cpp">
      <Filter>Source Files\Chapter3\Exercises</Filter>
    </ClCompile>
    <ClCompile Include="Chapter3\Exercises\Ex3.2.cpp">
      <Filter>Source Files\Chapter3\Exercises</Filter>
    </ClCompile>
    <ClCompile Include="Chapter3\Exercises\Ex3.3.cpp">
      <Filter>Source Files\Chapter3\Exercises</Filter>
    </ClCompile>
    <ClCompile Include="Chapter3\Exercises\Ex3.4.cpp">
      <Filter>Source Files\Chapter3\Exercises</Filter>
    </ClCompile>
    <ClCompile Include="Chapter5\Transform.cpp">
      <Filter>Source Files\Chapter5</Filter>
    </ClCompile>
    <ClCompile Include="Chapter5\CompositeTransform.cpp">
      <Filter>Source Files\Chapter5</Filter>
    </ClCompile>
  </ItemGroup>
  <ItemGroup>
    <ClInclude Include="Define.h">
      <Filter>Source Files</Filter>
    </ClInclude>
    <ClInclude Include="Chapter4\ThickLine.h">
      <Filter>Source Files\Chapter4</Filter>
    </ClInclude>
    <ClInclude Include="Chapter3\BresenhamLine.h">
      <Filter>Source Files\Chapter3</Filter>
    </ClInclude>
    <ClInclude Include="Chapter3\Ellipse.h">
      <Filter>Source Files\Chapter3</Filter>
    </ClInclude>
    <ClInclude Include="Chapter3\Parabola.h">
      <Filter>Source Files\Chapter3</Filter>
    </ClInclude>
    <ClInclude Include="Chapter3\Exercises\Ex3.1.h">
      <Filter>Source Files\Chapter3\Exercises</Filter>
    </ClInclude>
    <ClInclude Include="Chapter3\Exercises\Ex3.2.h">
      <Filter>Source Files\Chapter3\Exercises</Filter>
    </ClInclude>
    <ClInclude Include="Chapter3\Exercises\Ex3.3.h">
      <Filter>Source Files\Chapter3\Exercises</Filter>
    </ClInclude>
    <ClInclude Include="Chapter3\Exercises\Ex3.4.h">
      <Filter>Source Files\Chapter3\Exercises</Filter>
    </ClInclude>
    <ClInclude Include="Chapter5\Transform.h">
      <Filter>Source Files\Chapter5</Filter>
    </ClInclude>
    <ClInclude Include="Chapter5\CompositeTransform.h">
      <Filter>Source Files\Chapter5</Filter>
    </ClInclude>
  </ItemGroup>
</Project>